
Microsoft Visual Studio Solution File, Format Version 12.00
# Visual Studio Version 17
VisualStudioVersion = 17.7.34221.43
MinimumVisualStudioVersion = 10.0.40219.1
Project("{9A19103F-16F7-4668-BE54-9A1E7A4F7556}") = "Intro", "Intro\Intro.csproj", "{76B6004F-72E7-4528-AE2E-8BA7EC43C257}"
EndProject
Global
	GlobalSection(SolutionConfigurationPlatforms) = preSolution
		Debug|Any CPU = Debug|Any CPU
		Release|Any CPU = Release|Any CPU
	EndGlobalSection
	GlobalSection(ProjectConfigurationPlatforms) = postSolution
		{76B6004F-72E7-4528-AE2E-8BA7EC43C257}.Debug|Any CPU.ActiveCfg = Debug|Any CPU
		{76B6004F-72E7-4528-AE2E-8BA7EC43C257}.Debug|Any CPU.Build.0 = Debug|Any CPU
		{76B6004F-72E7-4528-AE2E-8BA7EC43C257}.Release|Any CPU.ActiveCfg = Release|Any CPU
		{76B6004F-72E7-4528-AE2E-8BA7EC43C257}.Release|Any CPU.Build.0 = Release|Any CPU
	EndGlobalSection
	GlobalSection(SolutionProperties) = preSolution
		HideSolutionNode = FALSE
	EndGlobalSection
	GlobalSection(ExtensibilityGlobals) = postSolution
		SolutionGuid = {4625D486-338C-47B3-B848-A260553B9D05}
	EndGlobalSection
EndGlobal
